// !$*UTF8*$!
{
	archiveVersion = 1;
	classes = {
	};
	objectVersion = 55;
	objects = {

/* Begin PBXBuildFile section */
		DF0268D1299401C80083F6CD /* PasswordViewModel.swift in Sources */ = {isa = PBXBuildFile; fileRef = DF0268D0299401C80083F6CD /* PasswordViewModel.swift */; };
		DF4806AA298EFB0900CA0427 /* PasswordView.swift in Sources */ = {isa = PBXBuildFile; fileRef = DF4806A9298EFB0900CA0427 /* PasswordView.swift */; };
		DF5669EB297C9BFA004EF5DC /* SingleCriteriaView.swift in Sources */ = {isa = PBXBuildFile; fileRef = DF5669EA297C9BFA004EF5DC /* SingleCriteriaView.swift */; };
		DF611008297B3E40008FEA12 /* CriteriaView.swift in Sources */ = {isa = PBXBuildFile; fileRef = DF611007297B3E40008FEA12 /* CriteriaView.swift */; };
		DFAAB48D29967A920049D12C /* SuccessModalViewController.swift in Sources */ = {isa = PBXBuildFile; fileRef = DFAAB48C29967A920049D12C /* SuccessModalViewController.swift */; };
		DFAAB48F2997D8000049D12C /* UIResponderExtension.swift in Sources */ = {isa = PBXBuildFile; fileRef = DFAAB48E2997D8000049D12C /* UIResponderExtension.swift */; };
		DFCDCF0C2965F1510044E127 /* AppDelegate.swift in Sources */ = {isa = PBXBuildFile; fileRef = DFCDCF0B2965F1510044E127 /* AppDelegate.swift */; };
		DFCDCF102965F1510044E127 /* PasswordViewController.swift in Sources */ = {isa = PBXBuildFile; fileRef = DFCDCF0F2965F1510044E127 /* PasswordViewController.swift */; };
		DFCDCF152965F1530044E127 /* Assets.xcassets in Resources */ = {isa = PBXBuildFile; fileRef = DFCDCF142965F1530044E127 /* Assets.xcassets */; };
		DFCDCF182965F1530044E127 /* LaunchScreen.storyboard in Resources */ = {isa = PBXBuildFile; fileRef = DFCDCF162965F1530044E127 /* LaunchScreen.storyboard */; };
		DFCDCF3D2965FE0B0044E127 /* PasswordMainView.swift in Sources */ = {isa = PBXBuildFile; fileRef = DFCDCF3C2965FE0B0044E127 /* PasswordMainView.swift */; };
		DFFFBB0F299D550C00608628 /* PasswordViewModelTests.swift in Sources */ = {isa = PBXBuildFile; fileRef = DFFFBB0E299D550C00608628 /* PasswordViewModelTests.swift */; };
		DFFFBB11299D6A8300608628 /* PasswordViewControllerTests.swift in Sources */ = {isa = PBXBuildFile; fileRef = DFFFBB10299D6A8300608628 /* PasswordViewControllerTests.swift */; };
		DFFFBB13299D754800608628 /* PasswordViewTests.swift in Sources */ = {isa = PBXBuildFile; fileRef = DFFFBB12299D754800608628 /* PasswordViewTests.swift */; };
/* End PBXBuildFile section */

/* Begin PBXContainerItemProxy section */
		DFFFBB09299D544100608628 /* PBXContainerItemProxy */ = {
			isa = PBXContainerItemProxy;
			containerPortal = DFCDCF002965F1510044E127 /* Project object */;
			proxyType = 1;
			remoteGlobalIDString = DFCDCF072965F1510044E127;
			remoteInfo = PasswordTools;
		};
/* End PBXContainerItemProxy section */

/* Begin PBXFileReference section */
		DF0268D0299401C80083F6CD /* PasswordViewModel.swift */ = {isa = PBXFileReference; lastKnownFileType = sourcecode.swift; path = PasswordViewModel.swift; sourceTree = "<group>"; };
		DF4806A9298EFB0900CA0427 /* PasswordView.swift */ = {isa = PBXFileReference; lastKnownFileType = sourcecode.swift; path = PasswordView.swift; sourceTree = "<group>"; };
		DF5669EA297C9BFA004EF5DC /* SingleCriteriaView.swift */ = {isa = PBXFileReference; lastKnownFileType = sourcecode.swift; path = SingleCriteriaView.swift; sourceTree = "<group>"; };
		DF611007297B3E40008FEA12 /* CriteriaView.swift */ = {isa = PBXFileReference; lastKnownFileType = sourcecode.swift; path = CriteriaView.swift; sourceTree = "<group>"; };
		DFAAB48C29967A920049D12C /* SuccessModalViewController.swift */ = {isa = PBXFileReference; lastKnownFileType = sourcecode.swift; path = SuccessModalViewController.swift; sourceTree = "<group>"; };
		DFAAB48E2997D8000049D12C /* UIResponderExtension.swift */ = {isa = PBXFileReference; lastKnownFileType = sourcecode.swift; path = UIResponderExtension.swift; sourceTree = "<group>"; };
		DFCDCF082965F1510044E127 /* PasswordTools.app */ = {isa = PBXFileReference; explicitFileType = wrapper.application; includeInIndex = 0; path = PasswordTools.app; sourceTree = BUILT_PRODUCTS_DIR; };
		DFCDCF0B2965F1510044E127 /* AppDelegate.swift */ = {isa = PBXFileReference; lastKnownFileType = sourcecode.swift; path = AppDelegate.swift; sourceTree = "<group>"; };
		DFCDCF0F2965F1510044E127 /* PasswordViewController.swift */ = {isa = PBXFileReference; lastKnownFileType = sourcecode.swift; path = PasswordViewController.swift; sourceTree = "<group>"; };
		DFCDCF142965F1530044E127 /* Assets.xcassets */ = {isa = PBXFileReference; lastKnownFileType = folder.assetcatalog; path = Assets.xcassets; sourceTree = "<group>"; };
		DFCDCF172965F1530044E127 /* Base */ = {isa = PBXFileReference; lastKnownFileType = file.storyboard; name = Base; path = Base.lproj/LaunchScreen.storyboard; sourceTree = "<group>"; };
		DFCDCF192965F1530044E127 /* Info.plist */ = {isa = PBXFileReference; lastKnownFileType = text.plist.xml; path = Info.plist; sourceTree = "<group>"; };
		DFCDCF3C2965FE0B0044E127 /* PasswordMainView.swift */ = {isa = PBXFileReference; lastKnownFileType = sourcecode.swift; path = PasswordMainView.swift; sourceTree = "<group>"; };
		DFFFBB05299D544100608628 /* PasswordToolsTests.xctest */ = {isa = PBXFileReference; explicitFileType = wrapper.cfbundle; includeInIndex = 0; path = PasswordToolsTests.xctest; sourceTree = BUILT_PRODUCTS_DIR; };
		DFFFBB0E299D550C00608628 /* PasswordViewModelTests.swift */ = {isa = PBXFileReference; lastKnownFileType = sourcecode.swift; path = PasswordViewModelTests.swift; sourceTree = "<group>"; };
		DFFFBB10299D6A8300608628 /* PasswordViewControllerTests.swift */ = {isa = PBXFileReference; lastKnownFileType = sourcecode.swift; path = PasswordViewControllerTests.swift; sourceTree = "<group>"; };
		DFFFBB12299D754800608628 /* PasswordViewTests.swift */ = {isa = PBXFileReference; lastKnownFileType = sourcecode.swift; path = PasswordViewTests.swift; sourceTree = "<group>"; };
/* End PBXFileReference section */

/* Begin PBXFrameworksBuildPhase section */
		DFCDCF052965F1510044E127 /* Frameworks */ = {
			isa = PBXFrameworksBuildPhase;
			buildActionMask = 2147483647;
			files = (
			);
			runOnlyForDeploymentPostprocessing = 0;
		};
		DFFFBB02299D544100608628 /* Frameworks */ = {
			isa = PBXFrameworksBuildPhase;
			buildActionMask = 2147483647;
			files = (
			);
			runOnlyForDeploymentPostprocessing = 0;
		};
/* End PBXFrameworksBuildPhase section */

/* Begin PBXGroup section */
		DFCDCEFF2965F1510044E127 = {
			isa = PBXGroup;
			children = (
				DFCDCF0A2965F1510044E127 /* PasswordTools */,
				DFFFBB06299D544100608628 /* PasswordToolsTests */,
				DFCDCF092965F1510044E127 /* Products */,
			);
			sourceTree = "<group>";
		};
		DFCDCF092965F1510044E127 /* Products */ = {
			isa = PBXGroup;
			children = (
				DFCDCF082965F1510044E127 /* PasswordTools.app */,
				DFFFBB05299D544100608628 /* PasswordToolsTests.xctest */,
			);
			name = Products;
			sourceTree = "<group>";
		};
		DFCDCF0A2965F1510044E127 /* PasswordTools */ = {
			isa = PBXGroup;
			children = (
				DFCDCF3B2965F2610044E127 /* MainFiles */,
				DFCDCF0F2965F1510044E127 /* PasswordViewController.swift */,
				DF4806A9298EFB0900CA0427 /* PasswordView.swift */,
				DFCDCF3C2965FE0B0044E127 /* PasswordMainView.swift */,
				DF611007297B3E40008FEA12 /* CriteriaView.swift */,
				DF5669EA297C9BFA004EF5DC /* SingleCriteriaView.swift */,
				DF0268D0299401C80083F6CD /* PasswordViewModel.swift */,
				DFAAB48C29967A920049D12C /* SuccessModalViewController.swift */,
				DFAAB48E2997D8000049D12C /* UIResponderExtension.swift */,
			);
			path = PasswordTools;
			sourceTree = "<group>";
		};
		DFCDCF3B2965F2610044E127 /* MainFiles */ = {
			isa = PBXGroup;
			children = (
				DFCDCF0B2965F1510044E127 /* AppDelegate.swift */,
				DFCDCF192965F1530044E127 /* Info.plist */,
				DFCDCF162965F1530044E127 /* LaunchScreen.storyboard */,
				DFCDCF142965F1530044E127 /* Assets.xcassets */,
			);
			name = MainFiles;
			sourceTree = "<group>";
		};
		DFFFBB06299D544100608628 /* PasswordToolsTests */ = {
			isa = PBXGroup;
			children = (
				DFFFBB0E299D550C00608628 /* PasswordViewModelTests.swift */,
				DFFFBB10299D6A8300608628 /* PasswordViewControllerTests.swift */,
				DFFFBB12299D754800608628 /* PasswordViewTests.swift */,
			);
			path = PasswordToolsTests;
			sourceTree = "<group>";
		};
/* End PBXGroup section */

/* Begin PBXNativeTarget section */
		DFCDCF072965F1510044E127 /* PasswordTools */ = {
			isa = PBXNativeTarget;
			buildConfigurationList = DFCDCF322965F1540044E127 /* Build configuration list for PBXNativeTarget "PasswordTools" */;
			buildPhases = (
				DFCDCF042965F1510044E127 /* Sources */,
				DFCDCF052965F1510044E127 /* Frameworks */,
				DFCDCF062965F1510044E127 /* Resources */,
				DF5669EE29800CAA004EF5DC /* SwiftLint Script */,
			);
			buildRules = (
			);
			dependencies = (
			);
			name = PasswordTools;
			productName = PasswordTools;
			productReference = DFCDCF082965F1510044E127 /* PasswordTools.app */;
			productType = "com.apple.product-type.application";
		};
		DFFFBB04299D544100608628 /* PasswordToolsTests */ = {
			isa = PBXNativeTarget;
			buildConfigurationList = DFFFBB0D299D544100608628 /* Build configuration list for PBXNativeTarget "PasswordToolsTests" */;
			buildPhases = (
				DFFFBB01299D544100608628 /* Sources */,
				DFFFBB02299D544100608628 /* Frameworks */,
				DFFFBB03299D544100608628 /* Resources */,
			);
			buildRules = (
			);
			dependencies = (
				DFFFBB0A299D544100608628 /* PBXTargetDependency */,
			);
			name = PasswordToolsTests;
			productName = PasswordToolsTests;
			productReference = DFFFBB05299D544100608628 /* PasswordToolsTests.xctest */;
			productType = "com.apple.product-type.bundle.unit-test";
		};
/* End PBXNativeTarget section */

/* Begin PBXProject section */
		DFCDCF002965F1510044E127 /* Project object */ = {
			isa = PBXProject;
			attributes = {
				BuildIndependentTargetsInParallel = 1;
				LastSwiftUpdateCheck = 1310;
				LastUpgradeCheck = 1310;
				TargetAttributes = {
					DFCDCF072965F1510044E127 = {
						CreatedOnToolsVersion = 13.1;
					};
					DFFFBB04299D544100608628 = {
						CreatedOnToolsVersion = 13.1;
						LastSwiftMigration = 1310;
						TestTargetID = DFCDCF072965F1510044E127;
					};
				};
			};
			buildConfigurationList = DFCDCF032965F1510044E127 /* Build configuration list for PBXProject "PasswordTools" */;
			compatibilityVersion = "Xcode 13.0";
			developmentRegion = en;
			hasScannedForEncodings = 0;
			knownRegions = (
				en,
				Base,
			);
			mainGroup = DFCDCEFF2965F1510044E127;
			productRefGroup = DFCDCF092965F1510044E127 /* Products */;
			projectDirPath = "";
			projectRoot = "";
			targets = (
				DFCDCF072965F1510044E127 /* PasswordTools */,
				DFFFBB04299D544100608628 /* PasswordToolsTests */,
			);
		};
/* End PBXProject section */

/* Begin PBXResourcesBuildPhase section */
		DFCDCF062965F1510044E127 /* Resources */ = {
			isa = PBXResourcesBuildPhase;
			buildActionMask = 2147483647;
			files = (
				DFCDCF182965F1530044E127 /* LaunchScreen.storyboard in Resources */,
				DFCDCF152965F1530044E127 /* Assets.xcassets in Resources */,
			);
			runOnlyForDeploymentPostprocessing = 0;
		};
		DFFFBB03299D544100608628 /* Resources */ = {
			isa = PBXResourcesBuildPhase;
			buildActionMask = 2147483647;
			files = (
			);
			runOnlyForDeploymentPostprocessing = 0;
		};
/* End PBXResourcesBuildPhase section */

/* Begin PBXShellScriptBuildPhase section */
		DF5669EE29800CAA004EF5DC /* SwiftLint Script */ = {
			isa = PBXShellScriptBuildPhase;
			buildActionMask = 2147483647;
			files = (
			);
			inputFileListPaths = (
			);
			inputPaths = (
			);
			name = "SwiftLint Script";
			outputFileListPaths = (
			);
			outputPaths = (
			);
			runOnlyForDeploymentPostprocessing = 0;
			shellPath = /bin/sh;
			shellScript = "export PATH=\"$PATH:/opt/homebrew/bin\"\nif which swiftlint > /dev/null; then\n  swiftlint --fix\n  swiftlint\nelse\n  echo \"warning: SwiftLint not installed, download from https://github.com/realm/SwiftLint\"\nfi\n";
		};
/* End PBXShellScriptBuildPhase section */

/* Begin PBXSourcesBuildPhase section */
		DFCDCF042965F1510044E127 /* Sources */ = {
			isa = PBXSourcesBuildPhase;
			buildActionMask = 2147483647;
			files = (
				DFAAB48D29967A920049D12C /* SuccessModalViewController.swift in Sources */,
				DFCDCF102965F1510044E127 /* PasswordViewController.swift in Sources */,
				DF0268D1299401C80083F6CD /* PasswordViewModel.swift in Sources */,
				DF4806AA298EFB0900CA0427 /* PasswordView.swift in Sources */,
				DFCDCF0C2965F1510044E127 /* AppDelegate.swift in Sources */,
				DF5669EB297C9BFA004EF5DC /* SingleCriteriaView.swift in Sources */,
				DFCDCF3D2965FE0B0044E127 /* PasswordMainView.swift in Sources */,
				DFAAB48F2997D8000049D12C /* UIResponderExtension.swift in Sources */,
				DF611008297B3E40008FEA12 /* CriteriaView.swift in Sources */,
			);
			runOnlyForDeploymentPostprocessing = 0;
		};
		DFFFBB01299D544100608628 /* Sources */ = {
			isa = PBXSourcesBuildPhase;
			buildActionMask = 2147483647;
			files = (
				DFFFBB0F299D550C00608628 /* PasswordViewModelTests.swift in Sources */,
				DFFFBB11299D6A8300608628 /* PasswordViewControllerTests.swift in Sources */,
				DFFFBB13299D754800608628 /* PasswordViewTests.swift in Sources */,
			);
			runOnlyForDeploymentPostprocessing = 0;
		};
/* End PBXSourcesBuildPhase section */

/* Begin PBXTargetDependency section */
		DFFFBB0A299D544100608628 /* PBXTargetDependency */ = {
			isa = PBXTargetDependency;
			target = DFCDCF072965F1510044E127 /* PasswordTools */;
			targetProxy = DFFFBB09299D544100608628 /* PBXContainerItemProxy */;
		};
/* End PBXTargetDependency section */

/* Begin PBXVariantGroup section */
		DFCDCF162965F1530044E127 /* LaunchScreen.storyboard */ = {
			isa = PBXVariantGroup;
			children = (
				DFCDCF172965F1530044E127 /* Base */,
			);
			name = LaunchScreen.storyboard;
			sourceTree = "<group>";
		};
/* End PBXVariantGroup section */

/* Begin XCBuildConfiguration section */
		DFCDCF302965F1540044E127 /* Debug */ = {
			isa = XCBuildConfiguration;
			buildSettings = {
				ALWAYS_SEARCH_USER_PATHS = NO;
				CLANG_ANALYZER_NONNULL = YES;
				CLANG_ANALYZER_NUMBER_OBJECT_CONVERSION = YES_AGGRESSIVE;
				CLANG_CXX_LANGUAGE_STANDARD = "gnu++17";
				CLANG_CXX_LIBRARY = "libc++";
				CLANG_ENABLE_MODULES = YES;
				CLANG_ENABLE_OBJC_ARC = YES;
				CLANG_ENABLE_OBJC_WEAK = YES;
				CLANG_WARN_BLOCK_CAPTURE_AUTORELEASING = YES;
				CLANG_WARN_BOOL_CONVERSION = YES;
				CLANG_WARN_COMMA = YES;
				CLANG_WARN_CONSTANT_CONVERSION = YES;
				CLANG_WARN_DEPRECATED_OBJC_IMPLEMENTATIONS = YES;
				CLANG_WARN_DIRECT_OBJC_ISA_USAGE = YES_ERROR;
				CLANG_WARN_DOCUMENTATION_COMMENTS = YES;
				CLANG_WARN_EMPTY_BODY = YES;
				CLANG_WARN_ENUM_CONVERSION = YES;
				CLANG_WARN_INFINITE_RECURSION = YES;
				CLANG_WARN_INT_CONVERSION = YES;
				CLANG_WARN_NON_LITERAL_NULL_CONVERSION = YES;
				CLANG_WARN_OBJC_IMPLICIT_RETAIN_SELF = YES;
				CLANG_WARN_OBJC_LITERAL_CONVERSION = YES;
				CLANG_WARN_OBJC_ROOT_CLASS = YES_ERROR;
				CLANG_WARN_QUOTED_INCLUDE_IN_FRAMEWORK_HEADER = YES;
				CLANG_WARN_RANGE_LOOP_ANALYSIS = YES;
				CLANG_WARN_STRICT_PROTOTYPES = YES;
				CLANG_WARN_SUSPICIOUS_MOVE = YES;
				CLANG_WARN_UNGUARDED_AVAILABILITY = YES_AGGRESSIVE;
				CLANG_WARN_UNREACHABLE_CODE = YES;
				CLANG_WARN__DUPLICATE_METHOD_MATCH = YES;
				COPY_PHASE_STRIP = NO;
				DEBUG_INFORMATION_FORMAT = dwarf;
				ENABLE_STRICT_OBJC_MSGSEND = YES;
				ENABLE_TESTABILITY = YES;
				GCC_C_LANGUAGE_STANDARD = gnu11;
				GCC_DYNAMIC_NO_PIC = NO;
				GCC_NO_COMMON_BLOCKS = YES;
				GCC_OPTIMIZATION_LEVEL = 0;
				GCC_PREPROCESSOR_DEFINITIONS = (
					"DEBUG=1",
					"$(inherited)",
				);
				GCC_WARN_64_TO_32_BIT_CONVERSION = YES;
				GCC_WARN_ABOUT_RETURN_TYPE = YES_ERROR;
				GCC_WARN_UNDECLARED_SELECTOR = YES;
				GCC_WARN_UNINITIALIZED_AUTOS = YES_AGGRESSIVE;
				GCC_WARN_UNUSED_FUNCTION = YES;
				GCC_WARN_UNUSED_VARIABLE = YES;
				IPHONEOS_DEPLOYMENT_TARGET = 15.0;
				MTL_ENABLE_DEBUG_INFO = INCLUDE_SOURCE;
				MTL_FAST_MATH = YES;
				ONLY_ACTIVE_ARCH = YES;
				SDKROOT = iphoneos;
				SWIFT_ACTIVE_COMPILATION_CONDITIONS = DEBUG;
				SWIFT_OPTIMIZATION_LEVEL = "-Onone";
			};
			name = Debug;
		};
		DFCDCF312965F1540044E127 /* Release */ = {
			isa = XCBuildConfiguration;
			buildSettings = {
				ALWAYS_SEARCH_USER_PATHS = NO;
				CLANG_ANALYZER_NONNULL = YES;
				CLANG_ANALYZER_NUMBER_OBJECT_CONVERSION = YES_AGGRESSIVE;
				CLANG_CXX_LANGUAGE_STANDARD = "gnu++17";
				CLANG_CXX_LIBRARY = "libc++";
				CLANG_ENABLE_MODULES = YES;
				CLANG_ENABLE_OBJC_ARC = YES;
				CLANG_ENABLE_OBJC_WEAK = YES;
				CLANG_WARN_BLOCK_CAPTURE_AUTORELEASING = YES;
				CLANG_WARN_BOOL_CONVERSION = YES;
				CLANG_WARN_COMMA = YES;
				CLANG_WARN_CONSTANT_CONVERSION = YES;
				CLANG_WARN_DEPRECATED_OBJC_IMPLEMENTATIONS = YES;
				CLANG_WARN_DIRECT_OBJC_ISA_USAGE = YES_ERROR;
				CLANG_WARN_DOCUMENTATION_COMMENTS = YES;
				CLANG_WARN_EMPTY_BODY = YES;
				CLANG_WARN_ENUM_CONVERSION = YES;
				CLANG_WARN_INFINITE_RECURSION = YES;
				CLANG_WARN_INT_CONVERSION = YES;
				CLANG_WARN_NON_LITERAL_NULL_CONVERSION = YES;
				CLANG_WARN_OBJC_IMPLICIT_RETAIN_SELF = YES;
				CLANG_WARN_OBJC_LITERAL_CONVERSION = YES;
				CLANG_WARN_OBJC_ROOT_CLASS = YES_ERROR;
				CLANG_WARN_QUOTED_INCLUDE_IN_FRAMEWORK_HEADER = YES;
				CLANG_WARN_RANGE_LOOP_ANALYSIS = YES;
				CLANG_WARN_STRICT_PROTOTYPES = YES;
				CLANG_WARN_SUSPICIOUS_MOVE = YES;
				CLANG_WARN_UNGUARDED_AVAILABILITY = YES_AGGRESSIVE;
				CLANG_WARN_UNREACHABLE_CODE = YES;
				CLANG_WARN__DUPLICATE_METHOD_MATCH = YES;
				COPY_PHASE_STRIP = NO;
				DEBUG_INFORMATION_FORMAT = "dwarf-with-dsym";
				ENABLE_NS_ASSERTIONS = NO;
				ENABLE_STRICT_OBJC_MSGSEND = YES;
				GCC_C_LANGUAGE_STANDARD = gnu11;
				GCC_NO_COMMON_BLOCKS = YES;
				GCC_WARN_64_TO_32_BIT_CONVERSION = YES;
				GCC_WARN_ABOUT_RETURN_TYPE = YES_ERROR;
				GCC_WARN_UNDECLARED_SELECTOR = YES;
				GCC_WARN_UNINITIALIZED_AUTOS = YES_AGGRESSIVE;
				GCC_WARN_UNUSED_FUNCTION = YES;
				GCC_WARN_UNUSED_VARIABLE = YES;
				IPHONEOS_DEPLOYMENT_TARGET = 15.0;
				MTL_ENABLE_DEBUG_INFO = NO;
				MTL_FAST_MATH = YES;
				SDKROOT = iphoneos;
				SWIFT_COMPILATION_MODE = wholemodule;
				SWIFT_OPTIMIZATION_LEVEL = "-O";
				VALIDATE_PRODUCT = YES;
			};
			name = Release;
		};
		DFCDCF332965F1540044E127 /* Debug */ = {
			isa = XCBuildConfiguration;
			buildSettings = {
				ASSETCATALOG_COMPILER_APPICON_NAME = AppIcon;
				ASSETCATALOG_COMPILER_GLOBAL_ACCENT_COLOR_NAME = AccentColor;
				CODE_SIGN_STYLE = Automatic;
				CURRENT_PROJECT_VERSION = 1;
				DEVELOPMENT_TEAM = X3ATBHFANP;
				GENERATE_INFOPLIST_FILE = YES;
				INFOPLIST_FILE = PasswordTools/Info.plist;
				INFOPLIST_KEY_UIApplicationSupportsIndirectInputEvents = YES;
				INFOPLIST_KEY_UILaunchStoryboardName = LaunchScreen;
				INFOPLIST_KEY_UISupportedInterfaceOrientations_iPad = "UIInterfaceOrientationPortrait UIInterfaceOrientationPortraitUpsideDown UIInterfaceOrientationLandscapeLeft UIInterfaceOrientationLandscapeRight";
				INFOPLIST_KEY_UISupportedInterfaceOrientations_iPhone = "UIInterfaceOrientationPortrait UIInterfaceOrientationLandscapeLeft UIInterfaceOrientationLandscapeRight";
				LD_RUNPATH_SEARCH_PATHS = (
					"$(inherited)",
					"@executable_path/Frameworks",
				);
				MARKETING_VERSION = 1.0;
				PRODUCT_BUNDLE_IDENTIFIER = com.tbdbatista.PasswordTools;
				PRODUCT_NAME = "$(TARGET_NAME)";
				SWIFT_EMIT_LOC_STRINGS = YES;
				SWIFT_VERSION = 5.0;
				TARGETED_DEVICE_FAMILY = "1,2";
			};
			name = Debug;
		};
		DFCDCF342965F1540044E127 /* Release */ = {
			isa = XCBuildConfiguration;
			buildSettings = {
				ASSETCATALOG_COMPILER_APPICON_NAME = AppIcon;
				ASSETCATALOG_COMPILER_GLOBAL_ACCENT_COLOR_NAME = AccentColor;
				CODE_SIGN_STYLE = Automatic;
				CURRENT_PROJECT_VERSION = 1;
				DEVELOPMENT_TEAM = X3ATBHFANP;
				GENERATE_INFOPLIST_FILE = YES;
				INFOPLIST_FILE = PasswordTools/Info.plist;
				INFOPLIST_KEY_UIApplicationSupportsIndirectInputEvents = YES;
				INFOPLIST_KEY_UILaunchStoryboardName = LaunchScreen;
				INFOPLIST_KEY_UISupportedInterfaceOrientations_iPad = "UIInterfaceOrientationPortrait UIInterfaceOrientationPortraitUpsideDown UIInterfaceOrientationLandscapeLeft UIInterfaceOrientationLandscapeRight";
				INFOPLIST_KEY_UISupportedInterfaceOrientations_iPhone = "UIInterfaceOrientationPortrait UIInterfaceOrientationLandscapeLeft UIInterfaceOrientationLandscapeRight";
				LD_RUNPATH_SEARCH_PATHS = (
					"$(inherited)",
					"@executable_path/Frameworks",
				);
				MARKETING_VERSION = 1.0;
				PRODUCT_BUNDLE_IDENTIFIER = com.tbdbatista.PasswordTools;
				PRODUCT_NAME = "$(TARGET_NAME)";
				SWIFT_EMIT_LOC_STRINGS = YES;
				SWIFT_VERSION = 5.0;
				TARGETED_DEVICE_FAMILY = "1,2";
			};
			name = Release;
		};
		DFFFBB0B299D544100608628 /* Debug */ = {
			isa = XCBuildConfiguration;
			buildSettings = {
				BUNDLE_LOADER = "$(TEST_HOST)";
				CLANG_ENABLE_MODULES = YES;
				CODE_SIGN_STYLE = Automatic;
				CURRENT_PROJECT_VERSION = 1;
				DEVELOPMENT_TEAM = X3ATBHFANP;
				GENERATE_INFOPLIST_FILE = YES;
				LD_RUNPATH_SEARCH_PATHS = (
					"$(inherited)",
					"@executable_path/Frameworks",
					"@loader_path/Frameworks",
				);
				MARKETING_VERSION = 1.0;
				PRODUCT_BUNDLE_IDENTIFIER = com.gft.PasswordToolsTests;
				PRODUCT_NAME = "$(TARGET_NAME)";
				SWIFT_EMIT_LOC_STRINGS = NO;
				SWIFT_OPTIMIZATION_LEVEL = "-Onone";
				SWIFT_VERSION = 5.0;
				TARGETED_DEVICE_FAMILY = "1,2";
				TEST_HOST = "$(BUILT_PRODUCTS_DIR)/PasswordTools.app/PasswordTools";
			};
			name = Debug;
		};
		DFFFBB0C299D544100608628 /* Release */ = {
			isa = XCBuildConfiguration;
			buildSettings = {
				BUNDLE_LOADER = "$(TEST_HOST)";
				CLANG_ENABLE_MODULES = YES;
				CODE_SIGN_STYLE = Automatic;
				CURRENT_PROJECT_VERSION = 1;
				DEVELOPMENT_TEAM = X3ATBHFANP;
				GENERATE_INFOPLIST_FILE = YES;
				LD_RUNPATH_SEARCH_PATHS = (
					"$(inherited)",
					"@executable_path/Frameworks",
					"@loader_path/Frameworks",
				);
				MARKETING_VERSION = 1.0;
				PRODUCT_BUNDLE_IDENTIFIER = com.gft.PasswordToolsTests;
				PRODUCT_NAME = "$(TARGET_NAME)";
				SWIFT_EMIT_LOC_STRINGS = NO;
				SWIFT_VERSION = 5.0;
				TARGETED_DEVICE_FAMILY = "1,2";
				TEST_HOST = "$(BUILT_PRODUCTS_DIR)/PasswordTools.app/PasswordTools";
			};
			name = Release;
		};
/* End XCBuildConfiguration section */

/* Begin XCConfigurationList section */
		DFCDCF032965F1510044E127 /* Build configuration list for PBXProject "PasswordTools" */ = {
			isa = XCConfigurationList;
			buildConfigurations = (
				DFCDCF302965F1540044E127 /* Debug */,
				DFCDCF312965F1540044E127 /* Release */,
			);
			defaultConfigurationIsVisible = 0;
			defaultConfigurationName = Release;
		};
		DFCDCF322965F1540044E127 /* Build configuration list for PBXNativeTarget "PasswordTools" */ = {
			isa = XCConfigurationList;
			buildConfigurations = (
				DFCDCF332965F1540044E127 /* Debug */,
				DFCDCF342965F1540044E127 /* Release */,
			);
			defaultConfigurationIsVisible = 0;
			defaultConfigurationName = Release;
		};
		DFFFBB0D299D544100608628 /* Build configuration list for PBXNativeTarget "PasswordToolsTests" */ = {
			isa = XCConfigurationList;
			buildConfigurations = (
				DFFFBB0B299D544100608628 /* Debug */,
				DFFFBB0C299D544100608628 /* Release */,
			);
			defaultConfigurationIsVisible = 0;
			defaultConfigurationName = Release;
		};
/* End XCConfigurationList section */
	};
	rootObject = DFCDCF002965F1510044E127 /* Project object */;
}
